# THIS IS AN AUTOGENERATED FILE. DO NOT EDIT THIS FILE DIRECTLY.
# yarn lockfile v1

"@cargo-messages/android-arm-eabi@0.1.81":
  version "0.1.81"
  resolved "https://registry.yarnpkg.com/@cargo-messages/android-arm-eabi/-/android-arm-eabi-0.1.81.tgz#e811511732e50153477e91448524f7a2548e2981"
  integrity sha512-cpRbgb56e9LmAj96Tixtz9/bTlaJAeplWNNv4obu+eqQyZd3ZjX04TJd9fM1bjHDGVyR9GTVlgBsbQEntIGkwg==

"@cargo-messages/darwin-arm64@0.1.81":
  version "0.1.81"
  resolved "https://registry.yarnpkg.com/@cargo-messages/darwin-arm64/-/darwin-arm64-0.1.81.tgz#65544f3fa4facf6a6bf2282ba10ce1792ec22243"
  integrity sha512-OwGqsw+tbJx37a/vH4T8R9qkrrFYoTIOnckbA9+MhQodE2FSWyk3HvLh+z8jjl+QZa1RSOU9Ax6gt/46h0BiTg==

"@cargo-messages/darwin-x64@0.1.81":
  version "0.1.81"
  resolved "https://registry.yarnpkg.com/@cargo-messages/darwin-x64/-/darwin-x64-0.1.81.tgz#886f5585cbd135091f26d4f899d5f4eac8676594"
  integrity sha512-Iu761bPk25Ce6yUdDCjjeVuT8/xbBmczyaNB7oYBmAZEE5rshvCJ42TqSShYYP+S7pKkN42nBhkFooaZrqaz9g==

"@cargo-messages/linux-arm-gnueabihf@0.1.81":
  version "0.1.81"
  resolved "https://registry.yarnpkg.com/@cargo-messages/linux-arm-gnueabihf/-/linux-arm-gnueabihf-0.1.81.tgz#71a349c80d4051d94aa66563ca51afa99e140ded"
  integrity sha512-iIuy7KTJAEhbiqlIlcxQOdW6opI6M9LXlgd/jdsHbP2FjmTyhTLnd3JCJ6JeAeidwknCDs+CFlaVmPxTKSytsg==

"@cargo-messages/linux-arm64-gnu@0.1.81":
  version "0.1.81"
  resolved "https://registry.yarnpkg.com/@cargo-messages/linux-arm64-gnu/-/linux-arm64-gnu-0.1.81.tgz#d1def13cb97b02d5a54e176bfc4fdfa4e755c43f"
  integrity sha512-QPQRsHj9m/9ga8wRBlLh8t2AXyr40+/H55FIKVj7zIjV++waY/TbSTPofDZQhMycd5VSGLKztfhahiCO7c/RAQ==

"@cargo-messages/linux-arm64-musl@0.1.81":
  version "0.1.81"
  resolved "https://registry.yarnpkg.com/@cargo-messages/linux-arm64-musl/-/linux-arm64-musl-0.1.81.tgz#61ce1ddc98d149e3c45d3573ff1e1bb13522c3a4"
  integrity sha512-9O0ATesIOjDTz2L01OtlGHYwP86I31/mzXMC+ryQkzbbIKj7KUiSqmEc29I14I517UYO8/sMeow6q6MVBpehlA==

"@cargo-messages/linux-x64-gnu@0.1.81":
  version "0.1.81"
  resolved "https://registry.yarnpkg.com/@cargo-messages/linux-x64-gnu/-/linux-x64-gnu-0.1.81.tgz#18b40cb562a167e97e14b2a7816f5d084022ac14"
  integrity sha512-wEFYxCdtHNiEvp5KEg17CfRCUdfRTtkL+1GASROyvYEUV6DQf6TXxfHuuWg2xlVxh5fqiTGFSRfiqFrCDL/xrw==

"@cargo-messages/linux-x64-musl@0.1.81":
  version "0.1.81"
  resolved "https://registry.yarnpkg.com/@cargo-messages/linux-x64-musl/-/linux-x64-musl-0.1.81.tgz#6a55a25da8a4d8ebbbfeb6ea85c398d07804fbf2"
  integrity sha512-zi5pKIh60oPwOCDQapAZ3Mya4y56MI2BoGvY8JtztYaXTorGmAoyf6jjb50Wt+HfoYYjM3OlPt03XMlCFZJnIQ==

"@cargo-messages/win32-arm64-msvc@0.1.81":
  version "0.1.81"
  resolved "https://registry.yarnpkg.com/@cargo-messages/win32-arm64-msvc/-/win32-arm64-msvc-0.1.81.tgz#43d01af6b9752b5a50f7cc58d92b26143190dcf4"
  integrity sha512-oyiT8AYLoguF7cFOMYDsPv3eirzBcFafOOfRsFyd3+wmaPTl/DdbCq446oThRmSAsEGJpzhzj7TafcnXMBkHbg==

"@cargo-messages/win32-x64-msvc@0.1.81":
  version "0.1.81"
  resolved "https://registry.yarnpkg.com/@cargo-messages/win32-x64-msvc/-/win32-x64-msvc-0.1.81.tgz#5797b597c876337543901da735d8a7dc82f97d76"
  integrity sha512-B5Ukf4AohtIv27uCP/AgM+7vYwQ4RacI6m8ZBr2XKeSrjZXcXguzlZd+wD7bD5+wa0capvXKUskZDnpG/DcYiA==

"@neon-rs/cli@^0.1.82":
  version "0.1.82"
  resolved "https://registry.yarnpkg.com/@neon-rs/cli/-/cli-0.1.82.tgz#f575eccf238b5b40e117f0e726266bf573b49502"
  integrity sha512-QrlGPQp9KOGuMvjjua79lEV2QTcE16m8JatG5ITdQpBAwRQpDw5xab57W9130y2iUEfMzYtp7v6pcN1fUB0Exg==
  optionalDependencies:
    "@cargo-messages/android-arm-eabi" "0.1.81"
    "@cargo-messages/darwin-arm64" "0.1.81"
    "@cargo-messages/darwin-x64" "0.1.81"
    "@cargo-messages/linux-arm-gnueabihf" "0.1.81"
    "@cargo-messages/linux-arm64-gnu" "0.1.81"
    "@cargo-messages/linux-arm64-musl" "0.1.81"
    "@cargo-messages/linux-x64-gnu" "0.1.81"
    "@cargo-messages/linux-x64-musl" "0.1.81"
    "@cargo-messages/win32-arm64-msvc" "0.1.81"
    "@cargo-messages/win32-x64-msvc" "0.1.81"

"@neon-rs/load@^0.1.82":
  version "0.1.82"
  resolved "https://registry.yarnpkg.com/@neon-rs/load/-/load-0.1.82.tgz#7066547b5899ea2c5f40ff81b3939df0a4f6ce64"
  integrity sha512-H4Gu2o5kPp+JOEhRrOQCnJnf7X6sv9FBLttM/wSbb4efsgFWeHzfU/ItZ01E5qqEk+U6QGdeVO7lxXIAtYHr5A==

"@tsconfig/node20@^20.1.4":
  version "20.1.9"
  resolved "https://registry.yarnpkg.com/@tsconfig/node20/-/node20-20.1.9.tgz#29716bc9ce538f0e5b5fea30b6481a0b0b7955df"
  integrity sha512-IjlTv1RsvnPtUcjTqtVsZExKVq+KQx4g5pCP5tI7rAs6Xesl2qFwSz/tPDBC4JajkL/MlezBu3gPUwqRHl+RIg==

"@types/node@^20.11.16":
  version "20.19.37"
  resolved "https://registry.yarnpkg.com/@types/node/-/node-20.19.37.tgz#b4fb4033408dd97becce63ec932c9ec57a9e2919"
  integrity sha512-8kzdPJ3FsNsVIurqBs7oodNnCEVbni9yUEkaHbgptDACOPW04jimGagZ51E6+lXUwJjgnBw+hyko/lkFWCldqw==
  dependencies:
    undici-types "~6.21.0"

typescript@^5.3.3:
  version "5.9.3"
  resolved "https://registry.yarnpkg.com/typescript/-/typescript-5.9.3.tgz#5b4f59e15310ab17a216f5d6cf53ee476ede670f"
  integrity sha512-jl1vZzPDinLr9eUt3J/t7V6FgNEw9QjvBPdysz9KfQDD41fQrC2Y4vKQdiaUpFT4bXlb1RHhLpp8wtm6M5TgSw==

undici-types@~6.21.0:
  version "6.21.0"
  resolved "https://registry.yarnpkg.com/undici-types/-/undici-types-6.21.0.tgz#691d00af3909be93a7faa13be61b3a5b50ef12cb"
  integrity sha512-iwDZqg0QAGrg9Rav5H4n0M64c3mkR59cJ6wQp+7C4nI0gsmExaedaYLNO44eT4AtBBwjbTiGPMlt2Md0T9H9JQ==
